{
  "name": "particle-abstraction",
  "version": "1.0.0",
  "lockfileVersion": 3,
  "requires": true,
  "packages": {
    "": {
      "name": "particle-abstraction",
      "version": "1.0.0",
      "workspaces": [
        "packages/*"
      ],
      "devDependencies": {}
    },
    "node_modules/@open-blox/community": {
      "resolved": "packages/open-blox",
      "link": true
    },
    "node_modules/@openzeppelin/contracts": {
      "version": "4.9.6",
      "resolved": "https://registry.npmjs.org/@openzeppelin/contracts/-/contracts-4.9.6.tgz",
      "integrity": "sha512-xSmezSupL+y9VkHZJGDoCBpmnB2ogM13ccaYDWqJTfS3dbuHkgjuwDFUmaFauBCboQMGB/S5UqUl2y54X99BmA=="
    },
    "node_modules/@particle/core": {
      "resolved": "packages/particle-core",
      "link": true
    },
    "packages/open-blox": {
      "name": "@open-blox/community",
      "version": "0.1.0",
      "dependencies": {
        "@particle/core": "0.1.0"
      },
      "devDependencies": {}
    },
    "packages/particle-core": {
      "name": "@particle/core",
      "version": "0.1.0",
      "dependencies": {
        "@openzeppelin/contracts": "^4.9.3"
      },
      "devDependencies": {}
    }
  }
}
